// !$*UTF8*$!
{
	archiveVersion = 1;
	classes = {
	};
	objectVersion = 46;
	objects = {

/* Begin PBXBuildFile section */
		BB5B1BE21C9B20AF00D06CD4 /* AppDelegate.swift in Sources */ = {isa = PBXBuildFile; fileRef = BB5B1BE11C9B20AF00D06CD4 /* AppDelegate.swift */; };
		BB5B1BE41C9B20AF00D06CD4 /* RecordSoundsViewController.swift in Sources */ = {isa = PBXBuildFile; fileRef = BB5B1BE31C9B20AF00D06CD4 /* RecordSoundsViewController.swift */; };
		BB5B1BE71C9B20AF00D06CD4 /* Main.storyboard in Resources */ = {isa = PBXBuildFile; fileRef = BB5B1BE51C9B20AF00D06CD4 /* Main.storyboard */; };
		BB5B1BE91C9B20AF00D06CD4 /* Assets.xcassets in Resources */ = {isa = PBXBuildFile; fileRef = BB5B1BE81C9B20AF00D06CD4 /* Assets.xcassets */; };
		BB5B1BEC1C9B20AF00D06CD4 /* LaunchScreen.storyboard in Resources */ = {isa = PBXBuildFile; fileRef = BB5B1BEA1C9B20AF00D06CD4 /* LaunchScreen.storyboard */; };
		BB5B1BF71C9B20AF00D06CD4 /* pitchPerfectTests.swift in Sources */ = {isa = PBXBuildFile; fileRef = BB5B1BF61C9B20AF00D06CD4 /* pitchPerfectTests.swift */; };
		BB5B1C021C9B20AF00D06CD4 /* pitchPerfectUITests.swift in Sources */ = {isa = PBXBuildFile; fileRef = BB5B1C011C9B20AF00D06CD4 /* pitchPerfectUITests.swift */; };
		CDDBDA561CAECCB30096681E /* PlaySoundsViewController.swift in Sources */ = {isa = PBXBuildFile; fileRef = CDDBDA551CAECCB30096681E /* PlaySoundsViewController.swift */; };
		CDF9CE771CBAF0F80061BAF1 /* PlaySoundsViewController+Audio.swift in Sources */ = {isa = PBXBuildFile; fileRef = CDF9CE761CBAF0F80061BAF1 /* PlaySoundsViewController+Audio.swift */; };
/* End PBXBuildFile section */

/* Begin PBXContainerItemProxy section */
		BB5B1BF31C9B20AF00D06CD4 /* PBXContainerItemProxy */ = {
			isa = PBXContainerItemProxy;
			containerPortal = BB5B1BD61C9B20AF00D06CD4 /* Project object */;
			proxyType = 1;
			remoteGlobalIDString = BB5B1BDD1C9B20AF00D06CD4;
			remoteInfo = pitchPerfect;
		};
		BB5B1BFE1C9B20AF00D06CD4 /* PBXContainerItemProxy */ = {
			isa = PBXContainerItemProxy;
			containerPortal = BB5B1BD61C9B20AF00D06CD4 /* Project object */;
			proxyType = 1;
			remoteGlobalIDString = BB5B1BDD1C9B20AF00D06CD4;
			remoteInfo = pitchPerfect;
		};
/* End PBXContainerItemProxy section */

/* Begin PBXFileReference section */
		BB5B1BDE1C9B20AF00D06CD4 /* pitchPerfect.app */ = {isa = PBXFileReference; explicitFileType = wrapper.application; includeInIndex = 0; path = pitchPerfect.app; sourceTree = BUILT_PRODUCTS_DIR; };
		BB5B1BE11C9B20AF00D06CD4 /* AppDelegate.swift */ = {isa = PBXFileReference; lastKnownFileType = sourcecode.swift; path = AppDelegate.swift; sourceTree = "<group>"; };
		BB5B1BE31C9B20AF00D06CD4 /* RecordSoundsViewController.swift */ = {isa = PBXFileReference; lastKnownFileType = sourcecode.swift; path = RecordSoundsViewController.swift; sourceTree = "<group>"; };
		BB5B1BE61C9B20AF00D06CD4 /* Base */ = {isa = PBXFileReference; lastKnownFileType = file.storyboard; name = Base; path = Base.lproj/Main.storyboard; sourceTree = "<group>"; };
		BB5B1BE81C9B20AF00D06CD4 /* Assets.xcassets */ = {isa = PBXFileReference; lastKnownFileType = folder.assetcatalog; path = Assets.xcassets; sourceTree = "<group>"; };
		BB5B1BEB1C9B20AF00D06CD4 /* Base */ = {isa = PBXFileReference; lastKnownFileType = file.storyboard; name = Base; path = Base.lproj/LaunchScreen.storyboard; sourceTree = "<group>"; };
		BB5B1BED1C9B20AF00D06CD4 /* Info.plist */ = {isa = PBXFileReference; lastKnownFileType = text.plist.xml; path = Info.plist; sourceTree = "<group>"; };
		BB5B1BF21C9B20AF00D06CD4 /* pitchPerfectTests.xctest */ = {isa = PBXFileReference; explicitFileType = wrapper.cfbundle; includeInIndex = 0; path = pitchPerfectTests.xctest; sourceTree = BUILT_PRODUCTS_DIR; };
		BB5B1BF61C9B20AF00D06CD4 /* pitchPerfectTests.swift */ = {isa = PBXFileReference; lastKnownFileType = sourcecode.swift; path = pitchPerfectTests.swift; sourceTree = "<group>"; };
		BB5B1BF81C9B20AF00D06CD4 /* Info.plist */ = {isa = PBXFileReference; lastKnownFileType = text.plist.xml; path = Info.plist; sourceTree = "<group>"; };
		BB5B1BFD1C9B20AF00D06CD4 /* pitchPerfectUITests.xctest */ = {isa = PBXFileReference; explicitFileType = wrapper.cfbundle; includeInIndex = 0; path = pitchPerfectUITests.xctest; sourceTree = BUILT_PRODUCTS_DIR; };
		BB5B1C011C9B20AF00D06CD4 /* pitchPerfectUITests.swift */ = {isa = PBXFileReference; lastKnownFileType = sourcecode.swift; path = pitchPerfectUITests.swift; sourceTree = "<group>"; };
		BB5B1C031C9B20AF00D06CD4 /* Info.plist */ = {isa = PBXFileReference; lastKnownFileType = text.plist.xml; path = Info.plist; sourceTree = "<group>"; };
		CDDBDA551CAECCB30096681E /* PlaySoundsViewController.swift */ = {isa = PBXFileReference; fileEncoding = 4; lastKnownFileType = sourcecode.swift; path = PlaySoundsViewController.swift; sourceTree = "<group>"; };
		CDF9CE761CBAF0F80061BAF1 /* PlaySoundsViewController+Audio.swift */ = {isa = PBXFileReference; fileEncoding = 4; lastKnownFileType = sourcecode.swift; path = "PlaySoundsViewController+Audio.swift"; sourceTree = "<group>"; };
/* End PBXFileReference section */

/* Begin PBXFrameworksBuildPhase section */
		BB5B1BDB1C9B20AF00D06CD4 /* Frameworks */ = {
			isa = PBXFrameworksBuildPhase;
			buildActionMask = 2147483647;
			files = (
			);
			runOnlyForDeploymentPostprocessing = 0;
		};
		BB5B1BEF1C9B20AF00D06CD4 /* Frameworks */ = {
			isa = PBXFrameworksBuildPhase;
			buildActionMask = 2147483647;
			files = (
			);
			runOnlyForDeploymentPostprocessing = 0;
		};
		BB5B1BFA1C9B20AF00D06CD4 /* Frameworks */ = {
			isa = PBXFrameworksBuildPhase;
			buildActionMask = 2147483647;
			files = (
			);
			runOnlyForDeploymentPostprocessing = 0;
		};
/* End PBXFrameworksBuildPhase section */

/* Begin PBXGroup section */
		BB5B1BD51C9B20AF00D06CD4 = {
			isa = PBXGroup;
			children = (
				BB5B1BE01C9B20AF00D06CD4 /* pitchPerfect */,
				BB5B1BF51C9B20AF00D06CD4 /* pitchPerfectTests */,
				BB5B1C001C9B20AF00D06CD4 /* pitchPerfectUITests */,
				BB5B1BDF1C9B20AF00D06CD4 /* Products */,
			);
			sourceTree = "<group>";
		};
		BB5B1BDF1C9B20AF00D06CD4 /* Products */ = {
			isa = PBXGroup;
			children = (
				BB5B1BDE1C9B20AF00D06CD4 /* pitchPerfect.app */,
				BB5B1BF21C9B20AF00D06CD4 /* pitchPerfectTests.xctest */,
				BB5B1BFD1C9B20AF00D06CD4 /* pitchPerfectUITests.xctest */,
			);
			name = Products;
			sourceTree = "<group>";
		};
		BB5B1BE01C9B20AF00D06CD4 /* pitchPerfect */ = {
			isa = PBXGroup;
			children = (
				BB5B1BE11C9B20AF00D06CD4 /* AppDelegate.swift */,
				BB5B1BE31C9B20AF00D06CD4 /* RecordSoundsViewController.swift */,
				CDDBDA551CAECCB30096681E /* PlaySoundsViewController.swift */,
				CDF9CE761CBAF0F80061BAF1 /* PlaySoundsViewController+Audio.swift */,
				BB5B1BE51C9B20AF00D06CD4 /* Main.storyboard */,
				BB5B1BE81C9B20AF00D06CD4 /* Assets.xcassets */,
				BB5B1BEA1C9B20AF00D06CD4 /* LaunchScreen.storyboard */,
				BB5B1BED1C9B20AF00D06CD4 /* Info.plist */,
			);
			path = pitchPerfect;
			sourceTree = "<group>";
		};
		BB5B1BF51C9B20AF00D06CD4 /* pitchPerfectTests */ = {
			isa = PBXGroup;
			children = (
				BB5B1BF61C9B20AF00D06CD4 /* pitchPerfectTests.swift */,
				BB5B1BF81C9B20AF00D06CD4 /* Info.plist */,
			);
			path = pitchPerfectTests;
			sourceTree = "<group>";
		};
		BB5B1C001C9B20AF00D06CD4 /* pitchPerfectUITests */ = {
			isa = PBXGroup;
			children = (
				BB5B1C011C9B20AF00D06CD4 /* pitchPerfectUITests.swift */,
				BB5B1C031C9B20AF00D06CD4 /* Info.plist */,
			);
			path = pitchPerfectUITests;
			sourceTree = "<group>";
		};
/* End PBXGroup section */

/* Begin PBXNativeTarget section */
		BB5B1BDD1C9B20AF00D06CD4 /* pitchPerfect */ = {
			isa = PBXNativeTarget;
			buildConfigurationList = BB5B1C061C9B20AF00D06CD4 /* Build configuration list for PBXNativeTarget "pitchPerfect" */;
			buildPhases = (
				BB5B1BDA1C9B20AF00D06CD4 /* Sources */,
				BB5B1BDB1C9B20AF00D06CD4 /* Frameworks */,
				BB5B1BDC1C9B20AF00D06CD4 /* Resources */,
			);
			buildRules = (
			);
			dependencies = (
			);
			name = pitchPerfect;
			productName = pitchPerfect;
			productReference = BB5B1BDE1C9B20AF00D06CD4 /* pitchPerfect.app */;
			productType = "com.apple.product-type.application";
		};
		BB5B1BF11C9B20AF00D06CD4 /* pitchPerfectTests */ = {
			isa = PBXNativeTarget;
			buildConfigurationList = BB5B1C091C9B20AF00D06CD4 /* Build configuration list for PBXNativeTarget "pitchPerfectTests" */;
			buildPhases = (
				BB5B1BEE1C9B20AF00D06CD4 /* Sources */,
				BB5B1BEF1C9B20AF00D06CD4 /* Frameworks */,
				BB5B1BF01C9B20AF00D06CD4 /* Resources */,
			);
			buildRules = (
			);
			dependencies = (
				BB5B1BF41C9B20AF00D06CD4 /* PBXTargetDependency */,
			);
			name = pitchPerfectTests;
			productName = pitchPerfectTests;
			productReference = BB5B1BF21C9B20AF00D06CD4 /* pitchPerfectTests.xctest */;
			productType = "com.apple.product-type.bundle.unit-test";
		};
		BB5B1BFC1C9B20AF00D06CD4 /* pitchPerfectUITests */ = {
			isa = PBXNativeTarget;
			buildConfigurationList = BB5B1C0C1C9B20AF00D06CD4 /* Build configuration list for PBXNativeTarget "pitchPerfectUITests" */;
			buildPhases = (
				BB5B1BF91C9B20AF00D06CD4 /* Sources */,
				BB5B1BFA1C9B20AF00D06CD4 /* Frameworks */,
				BB5B1BFB1C9B20AF00D06CD4 /* Resources */,
			);
			buildRules = (
			);
			dependencies = (
				BB5B1BFF1C9B20AF00D06CD4 /* PBXTargetDependency */,
			);
			name = pitchPerfectUITests;
			productName = pitchPerfectUITests;
			productReference = BB5B1BFD1C9B20AF00D06CD4 /* pitchPerfectUITests.xctest */;
			productType = "com.apple.product-type.bundle.ui-testing";
		};
/* End PBXNativeTarget section */

/* Begin PBXProject section */
		BB5B1BD61C9B20AF00D06CD4 /* Project object */ = {
			isa = PBXProject;
			attributes = {
				LastSwiftUpdateCheck = 0720;
				LastUpgradeCheck = 0720;
				ORGANIZATIONNAME = Nicole;
				TargetAttributes = {
					BB5B1BDD1C9B20AF00D06CD4 = {
						CreatedOnToolsVersion = 7.2.1;
						DevelopmentTeam = 8H7ZPU3XUC;
					};
					BB5B1BF11C9B20AF00D06CD4 = {
						CreatedOnToolsVersion = 7.2.1;
						TestTargetID = BB5B1BDD1C9B20AF00D06CD4;
					};
					BB5B1BFC1C9B20AF00D06CD4 = {
						CreatedOnToolsVersion = 7.2.1;
						TestTargetID = BB5B1BDD1C9B20AF00D06CD4;
					};
				};
			};
			buildConfigurationList = BB5B1BD91C9B20AF00D06CD4 /* Build configuration list for PBXProject "pitchPerfect" */;
			compatibilityVersion = "Xcode 3.2";
			developmentRegion = English;
			hasScannedForEncodings = 0;
			knownRegions = (
				en,
				Base,
			);
			mainGroup = BB5B1BD51C9B20AF00D06CD4;
			productRefGroup = BB5B1BDF1C9B20AF00D06CD4 /* Products */;
			projectDirPath = "";
			projectRoot = "";
			targets = (
				BB5B1BDD1C9B20AF00D06CD4 /* pitchPerfect */,
				BB5B1BF11C9B20AF00D06CD4 /* pitchPerfectTests */,
				BB5B1BFC1C9B20AF00D06CD4 /* pitchPerfectUITests */,
			);
		};
/* End PBXProject section */

/* Begin PBXResourcesBuildPhase section */
		BB5B1BDC1C9B20AF00D06CD4 /* Resources */ = {
			isa = PBXResourcesBuildPhase;
			buildActionMask = 2147483647;
			files = (
				BB5B1BEC1C9B20AF00D06CD4 /* LaunchScreen.storyboard in Resources */,
				BB5B1BE91C9B20AF00D06CD4 /* Assets.xcassets in Resources */,
				BB5B1BE71C9B20AF00D06CD4 /* Main.storyboard in Resources */,
			);
			runOnlyForDeploymentPostprocessing = 0;
		};
		BB5B1BF01C9B20AF00D06CD4 /* Resources */ = {
			isa = PBXResourcesBuildPhase;
			buildActionMask = 2147483647;
			files = (
			);
			runOnlyForDeploymentPostprocessing = 0;
		};
		BB5B1BFB1C9B20AF00D06CD4 /* Resources */ = {
			isa = PBXResourcesBuildPhase;
			buildActionMask = 2147483647;
			files = (
			);
			runOnlyForDeploymentPostprocessing = 0;
		};
/* End PBXResourcesBuildPhase section */

/* Begin PBXSourcesBuildPhase section */
		BB5B1BDA1C9B20AF00D06CD4 /* Sources */ = {
			isa = PBXSourcesBuildPhase;
			buildActionMask = 2147483647;
			files = (
				CDF9CE771CBAF0F80061BAF1 /* PlaySoundsViewController+Audio.swift in Sources */,
				BB5B1BE41C9B20AF00D06CD4 /* RecordSoundsViewController.swift in Sources */,
				CDDBDA561CAECCB30096681E /* PlaySoundsViewController.swift in Sources */,
				BB5B1BE21C9B20AF00D06CD4 /* AppDelegate.swift in Sources */,
			);
			runOnlyForDeploymentPostprocessing = 0;
		};
		BB5B1BEE1C9B20AF00D06CD4 /* Sources */ = {
			isa = PBXSourcesBuildPhase;
			buildActionMask = 2147483647;
			files = (
				BB5B1BF71C9B20AF00D06CD4 /* pitchPerfectTests.swift in Sources */,
			);
			runOnlyForDeploymentPostprocessing = 0;
		};
		BB5B1BF91C9B20AF00D06CD4 /* Sources */ = {
			isa = PBXSourcesBuildPhase;
			buildActionMask = 2147483647;
			files = (
				BB5B1C021C9B20AF00D06CD4 /* pitchPerfectUITests.swift in Sources */,
			);
			runOnlyForDeploymentPostprocessing = 0;
		};
/* End PBXSourcesBuildPhase section */

/* Begin PBXTargetDependency section */
		BB5B1BF41C9B20AF00D06CD4 /* PBXTargetDependency */ = {
			isa = PBXTargetDependency;
			target = BB5B1BDD1C9B20AF00D06CD4 /* pitchPerfect */;
			targetProxy = BB5B1BF31C9B20AF00D06CD4 /* PBXContainerItemProxy */;
		};
		BB5B1BFF1C9B20AF00D06CD4 /* PBXTargetDependency */ = {
			isa = PBXTargetDependency;
			target = BB5B1BDD1C9B20AF00D06CD4 /* pitchPerfect */;
			targetProxy = BB5B1BFE1C9B20AF00D06CD4 /* PBXContainerItemProxy */;
		};
/* End PBXTargetDependency section */

/* Begin PBXVariantGroup section */
		BB5B1BE51C9B20AF00D06CD4 /* Main.storyboard */ = {
			isa = PBXVariantGroup;
			children = (
				BB5B1BE61C9B20AF00D06CD4 /* Base */,
			);
			name = Main.storyboard;
			sourceTree = "<group>";
		};
		BB5B1BEA1C9B20AF00D06CD4 /* LaunchScreen.storyboard */ = {
			isa = PBXVariantGroup;
			children = (
				BB5B1BEB1C9B20AF00D06CD4 /* Base */,
			);
			name = LaunchScreen.storyboard;
			sourceTree = "<group>";
		};
/* End PBXVariantGroup section */

/* Begin XCBuildConfiguration section */
		BB5B1C041C9B20AF00D06CD4 /* Debug */ = {
			isa = XCBuildConfiguration;
			buildSettings = {
				ALWAYS_SEARCH_USER_PATHS = NO;
				CLANG_CXX_LANGUAGE_STANDARD = "gnu++0x";
				CLANG_CXX_LIBRARY = "libc++";
				CLANG_ENABLE_MODULES = YES;
				CLANG_ENABLE_OBJC_ARC = YES;
				CLANG_WARN_BOOL_CONVERSION = YES;
				CLANG_WARN_CONSTANT_CONVERSION = YES;
				CLANG_WARN_DIRECT_OBJC_ISA_USAGE = YES_ERROR;
				CLANG_WARN_EMPTY_BODY = YES;
				CLANG_WARN_ENUM_CONVERSION = YES;
				CLANG_WARN_INT_CONVERSION = YES;
				CLANG_WARN_OBJC_ROOT_CLASS = YES_ERROR;
				CLANG_WARN_UNREACHABLE_CODE = YES;
				CLANG_WARN__DUPLICATE_METHOD_MATCH = YES;
				"CODE_SIGN_IDENTITY[sdk=iphoneos*]" = "iPhone Developer";
				COPY_PHASE_STRIP = NO;
				DEBUG_INFORMATION_FORMAT = dwarf;
				ENABLE_STRICT_OBJC_MSGSEND = YES;
				ENABLE_TESTABILITY = YES;
				GCC_C_LANGUAGE_STANDARD = gnu99;
				GCC_DYNAMIC_NO_PIC = NO;
				GCC_NO_COMMON_BLOCKS = YES;
				GCC_OPTIMIZATION_LEVEL = 0;
				GCC_PREPROCESSOR_DEFINITIONS = (
					"DEBUG=1",
					"$(inherited)",
				);
				GCC_WARN_64_TO_32_BIT_CONVERSION = YES;
				GCC_WARN_ABOUT_RETURN_TYPE = YES_ERROR;
				GCC_WARN_UNDECLARED_SELECTOR = YES;
				GCC_WARN_UNINITIALIZED_AUTOS = YES_AGGRESSIVE;
				GCC_WARN_UNUSED_FUNCTION = YES;
				GCC_WARN_UNUSED_VARIABLE = YES;
				IPHONEOS_DEPLOYMENT_TARGET = 9.2;
				MTL_ENABLE_DEBUG_INFO = YES;
				ONLY_ACTIVE_ARCH = YES;
				SDKROOT = iphoneos;
				SWIFT_OPTIMIZATION_LEVEL = "-Onone";
				TARGETED_DEVICE_FAMILY = "1,2";
			};
			name = Debug;
		};
		BB5B1C051C9B20AF00D06CD4 /* Release */ = {
			isa = XCBuildConfiguration;
			buildSettings = {
				ALWAYS_SEARCH_USER_PATHS = NO;
				CLANG_CXX_LANGUAGE_STANDARD = "gnu++0x";
				CLANG_CXX_LIBRARY = "libc++";
				CLANG_ENABLE_MODULES = YES;
				CLANG_ENABLE_OBJC_ARC = YES;
				CLANG_WARN_BOOL_CONVERSION = YES;
				CLANG_WARN_CONSTANT_CONVERSION = YES;
				CLANG_WARN_DIRECT_OBJC_ISA_USAGE = YES_ERROR;
				CLANG_WARN_EMPTY_BODY = YES;
				CLANG_WARN_ENUM_CONVERSION = YES;
				CLANG_WARN_INT_CONVERSION = YES;
				CLANG_WARN_OBJC_ROOT_CLASS = YES_ERROR;
				CLANG_WARN_UNREACHABLE_CODE = YES;
				CLANG_WARN__DUPLICATE_METHOD_MATCH = YES;
				"CODE_SIGN_IDENTITY[sdk=iphoneos*]" = "iPhone Developer";
				COPY_PHASE_STRIP = NO;
				DEBUG_INFORMATION_FORMAT = "dwarf-with-dsym";
				ENABLE_NS_ASSERTIONS = NO;
				ENABLE_STRICT_OBJC_MSGSEND = YES;
				GCC_C_LANGUAGE_STANDARD = gnu99;
				GCC_NO_COMMON_BLOCKS = YES;
				GCC_WARN_64_TO_32_BIT_CONVERSION = YES;
				GCC_WARN_ABOUT_RETURN_TYPE = YES_ERROR;
				GCC_WARN_UNDECLARED_SELECTOR = YES;
				GCC_WARN_UNINITIALIZED_AUTOS = YES_AGGRESSIVE;
				GCC_WARN_UNUSED_FUNCTION = YES;
				GCC_WARN_UNUSED_VARIABLE = YES;
				IPHONEOS_DEPLOYMENT_TARGET = 9.2;
				MTL_ENABLE_DEBUG_INFO = NO;
				SDKROOT = iphoneos;
				TARGETED_DEVICE_FAMILY = "1,2";
				VALIDATE_PRODUCT = YES;
			};
			name = Release;
		};
		BB5B1C071C9B20AF00D06CD4 /* Debug */ = {
			isa = XCBuildConfiguration;
			buildSettings = {
				ASSETCATALOG_COMPILER_APPICON_NAME = AppIcon;
				CODE_SIGN_IDENTITY = "iPhone Developer";
				"CODE_SIGN_IDENTITY[sdk=iphoneos*]" = "iPhone Developer";
				INFOPLIST_FILE = pitchPerfect/Info.plist;
				LD_RUNPATH_SEARCH_PATHS = "$(inherited) @executable_path/Frameworks";
				PRODUCT_BUNDLE_IDENTIFIER = my.pitchPerfect;
				PRODUCT_NAME = "$(TARGET_NAME)";
				PROVISIONING_PROFILE = "";
			};
			name = Debug;
		};
		BB5B1C081C9B20AF00D06CD4 /* Release */ = {
			isa = XCBuildConfiguration;
			buildSettings = {
				ASSETCATALOG_COMPILER_APPICON_NAME = AppIcon;
				CODE_SIGN_IDENTITY = "iPhone Developer";
				"CODE_SIGN_IDENTITY[sdk=iphoneos*]" = "iPhone Developer";
				INFOPLIST_FILE = pitchPerfect/Info.plist;
				LD_RUNPATH_SEARCH_PATHS = "$(inherited) @executable_path/Frameworks";
				PRODUCT_BUNDLE_IDENTIFIER = my.pitchPerfect;
				PRODUCT_NAME = "$(TARGET_NAME)";
				PROVISIONING_PROFILE = "";
			};
			name = Release;
		};
		BB5B1C0A1C9B20AF00D06CD4 /* Debug */ = {
			isa = XCBuildConfiguration;
			buildSettings = {
				BUNDLE_LOADER = "$(TEST_HOST)";
				INFOPLIST_FILE = pitchPerfectTests/Info.plist;
				LD_RUNPATH_SEARCH_PATHS = "$(inherited) @executable_path/Frameworks @loader_path/Frameworks";
				PRODUCT_BUNDLE_IDENTIFIER = my.pitchPerfectTests;
				PRODUCT_NAME = "$(TARGET_NAME)";
				TEST_HOST = "$(BUILT_PRODUCTS_DIR)/pitchPerfect.app/pitchPerfect";
			};
			name = Debug;
		};
		BB5B1C0B1C9B20AF00D06CD4 /* Release */ = {
			isa = XCBuildConfiguration;
			buildSettings = {
				BUNDLE_LOADER = "$(TEST_HOST)";
				INFOPLIST_FILE = pitchPerfectTests/Info.plist;
				LD_RUNPATH_SEARCH_PATHS = "$(inherited) @executable_path/Frameworks @loader_path/Frameworks";
				PRODUCT_BUNDLE_IDENTIFIER = my.pitchPerfectTests;
				PRODUCT_NAME = "$(TARGET_NAME)";
				TEST_HOST = "$(BUILT_PRODUCTS_DIR)/pitchPerfect.app/pitchPerfect";
			};
			name = Release;
		};
		BB5B1C0D1C9B20AF00D06CD4 /* Debug */ = {
			isa = XCBuildConfiguration;
			buildSettings = {
				INFOPLIST_FILE = pitchPerfectUITests/Info.plist;
				LD_RUNPATH_SEARCH_PATHS = "$(inherited) @executable_path/Frameworks @loader_path/Frameworks";
				PRODUCT_BUNDLE_IDENTIFIER = my.pitchPerfectUITests;
				PRODUCT_NAME = "$(TARGET_NAME)";
				TEST_TARGET_NAME = pitchPerfect;
				USES_XCTRUNNER = YES;
			};
			name = Debug;
		};
		BB5B1C0E1C9B20AF00D06CD4 /* Release */ = {
			isa = XCBuildConfiguration;
			buildSettings = {
				INFOPLIST_FILE = pitchPerfectUITests/Info.plist;
				LD_RUNPATH_SEARCH_PATHS = "$(inherited) @executable_path/Frameworks @loader_path/Frameworks";
				PRODUCT_BUNDLE_IDENTIFIER = my.pitchPerfectUITests;
				PRODUCT_NAME = "$(TARGET_NAME)";
				TEST_TARGET_NAME = pitchPerfect;
				USES_XCTRUNNER = YES;
			};
			name = Release;
		};
/* End XCBuildConfiguration section */

/* Begin XCConfigurationList section */
		BB5B1BD91C9B20AF00D06CD4 /* Build configuration list for PBXProject "pitchPerfect" */ = {
			isa = XCConfigurationList;
			buildConfigurations = (
				BB5B1C041C9B20AF00D06CD4 /* Debug */,
				BB5B1C051C9B20AF00D06CD4 /* Release */,
			);
			defaultConfigurationIsVisible = 0;
			defaultConfigurationName = Release;
		};
		BB5B1C061C9B20AF00D06CD4 /* Build configuration list for PBXNativeTarget "pitchPerfect" */ = {
			isa = XCConfigurationList;
			buildConfigurations = (
				BB5B1C071C9B20AF00D06CD4 /* Debug */,
				BB5B1C081C9B20AF00D06CD4 /* Release */,
			);
			defaultConfigurationIsVisible = 0;
			defaultConfigurationName = Release;
		};
		BB5B1C091C9B20AF00D06CD4 /* Build configuration list for PBXNativeTarget "pitchPerfectTests" */ = {
			isa = XCConfigurationList;
			buildConfigurations = (
				BB5B1C0A1C9B20AF00D06CD4 /* Debug */,
				BB5B1C0B1C9B20AF00D06CD4 /* Release */,
			);
			defaultConfigurationIsVisible = 0;
			defaultConfigurationName = Release;
		};
		BB5B1C0C1C9B20AF00D06CD4 /* Build configuration list for PBXNativeTarget "pitchPerfectUITests" */ = {
			isa = XCConfigurationList;
			buildConfigurations = (
				BB5B1C0D1C9B20AF00D06CD4 /* Debug */,
				BB5B1C0E1C9B20AF00D06CD4 /* Release */,
			);
			defaultConfigurationIsVisible = 0;
			defaultConfigurationName = Release;
		};
/* End XCConfigurationList section */
	};
	rootObject = BB5B1BD61C9B20AF00D06CD4 /* Project object */;
}
